# This file is automatically @generated by Cargo.
# It is not intended for manual editing.
version = 4

[[package]]
name = "libc"
version = "0.2.186"
source = "registry+https://github.com/rust-lang/crates.io-index"
checksum = "68ab91017fe16c622486840e4c83c9a37afeff978bd239b5293d61ece587de66"

[[package]]
name = "marrow"
version = "0.1.0"
dependencies = [
 "marrow-codes",
 "marrow-syntax",
]

[[package]]
name = "marrow-codes"
version = "0.1.0"

[[package]]
name = "marrow-store"
version = "0.1.0"
dependencies = [
 "marrow-codes",
 "redb",
]

[[package]]
name = "marrow-syntax"
version = "0.1.0"
dependencies = [
 "marrow-codes",
]

[[package]]
name = "redb"
version = "4.1.0"
source = "registry+https://github.com/rust-lang/crates.io-index"
checksum = "8e925444704b5f17d32bf42f5b6e2df050bceebc3dcd6e71cc73dafe8092e839"
dependencies = [
 "libc",
]
